
Microsoft Visual Studio Solution File, Format Version 12.00
# Visual Studio Version 16
VisualStudioVersion = 16.0.30907.101
MinimumVisualStudioVersion = 10.0.40219.1
Project("{FAE04EC0-301F-11D3-BF4B-00C04F79EFBC}") = "DataAccess", "DataAccess\DataAccess.csproj", "{0727CEB6-F2FB-4FEA-BC21-20D55040D414}"
EndProject
Project("{FAE04EC0-301F-11D3-BF4B-00C04F79EFBC}") = "Business", "Business\Business.csproj", "{A012A4D8-D743-4A10-AE35-99D6BC36C64B}"
EndProject
Project("{FAE04EC0-301F-11D3-BF4B-00C04F79EFBC}") = "Entities", "Entities\Entities.csproj", "{77B08F30-AEB7-41E2-A7BD-578B529C3272}"
EndProject
Project("{FAE04EC0-301F-11D3-BF4B-00C04F79EFBC}") = "ConsoleUI", "ConsoleUI\ConsoleUI.csproj", "{F1CD3247-E0F4-4D24-9308-C9A7E240071C}"
EndProject
Global
	GlobalSection(SolutionConfigurationPlatforms) = preSolution
		Debug|Any CPU = Debug|Any CPU
		Release|Any CPU = Release|Any CPU
	EndGlobalSection
	GlobalSection(ProjectConfigurationPlatforms) = postSolution
		{0727CEB6-F2FB-4FEA-BC21-20D55040D414}.Debug|Any CPU.ActiveCfg = Debug|Any CPU
		{0727CEB6-F2FB-4FEA-BC21-20D55040D414}.Debug|Any CPU.Build.0 = Debug|Any CPU
		{0727CEB6-F2FB-4FEA-BC21-20D55040D414}.Release|Any CPU.ActiveCfg = Release|Any CPU
		{0727CEB6-F2FB-4FEA-BC21-20D55040D414}.Release|Any CPU.Build.0 = Release|Any CPU
		{A012A4D8-D743-4A10-AE35-99D6BC36C64B}.Debug|Any CPU.ActiveCfg = Debug|Any CPU
		{A012A4D8-D743-4A10-AE35-99D6BC36C64B}.Debug|Any CPU.Build.0 = Debug|Any CPU
		{A012A4D8-D743-4A10-AE35-99D6BC36C64B}.Release|Any CPU.ActiveCfg = Release|Any CPU
		{A012A4D8-D743-4A10-AE35-99D6BC36C64B}.Release|Any CPU.Build.0 = Release|Any CPU
		{77B08F30-AEB7-41E2-A7BD-578B529C3272}.Debug|Any CPU.ActiveCfg = Debug|Any CPU
		{77B08F30-AEB7-41E2-A7BD-578B529C3272}.Debug|Any CPU.Build.0 = Debug|Any CPU
		{77B08F30-AEB7-41E2-A7BD-578B529C3272}.Release|Any CPU.ActiveCfg = Release|Any CPU
		{77B08F30-AEB7-41E2-A7BD-578B529C3272}.Release|Any CPU.Build.0 = Release|Any CPU
		{F1CD3247-E0F4-4D24-9308-C9A7E240071C}.Debug|Any CPU.ActiveCfg = Debug|Any CPU
		{F1CD3247-E0F4-4D24-9308-C9A7E240071C}.Debug|Any CPU.Build.0 = Debug|Any CPU
		{F1CD3247-E0F4-4D24-9308-C9A7E240071C}.Release|Any CPU.ActiveCfg = Release|Any CPU
		{F1CD3247-E0F4-4D24-9308-C9A7E240071C}.Release|Any CPU.Build.0 = Release|Any CPU
	EndGlobalSection
	GlobalSection(SolutionProperties) = preSolution
		HideSolutionNode = FALSE
	EndGlobalSection
	GlobalSection(ExtensibilityGlobals) = postSolution
		SolutionGuid = {FBEB47D7-5B9A-4093-B765-6BC682340002}
	EndGlobalSection
EndGlobal
